
Microsoft Visual Studio Solution File, Format Version 12.00
# Visual Studio Version 17
VisualStudioVersion = 17.14.37216.2 d17.14
MinimumVisualStudioVersion = 10.0.40219.1
Project("{8BC9CEB8-8B4A-11D0-8D11-00A0C91BC942}") = "Sandbox", "Sandbox\Sandbox.vcxproj", "{2465E2E5-63FF-438A-95EA-D1D6B8CE4E17}"
EndProject
Project("{8BC9CEB8-8B4A-11D0-8D11-00A0C91BC942}") = "Rise", "Rise\Rise.vcxproj", "{C68FE771-44DC-4308-BC65-D7C1E762AB99}"
EndProject
Global
	GlobalSection(SolutionConfigurationPlatforms) = preSolution
		Debug|x64 = Debug|x64
		Release|x64 = Release|x64
	EndGlobalSection
	GlobalSection(ProjectConfigurationPlatforms) = postSolution
		{C68FE771-44DC-4308-BC65-D7C1E762AB99}.Debug|x64.ActiveCfg = Debug|x64
		{C68FE771-44DC-4308-BC65-D7C1E762AB99}.Debug|x64.Build.0 = Debug|x64
		{C68FE771-44DC-4308-BC65-D7C1E762AB99}.Release|x64.ActiveCfg = Release|x64
		{C68FE771-44DC-4308-BC65-D7C1E762AB99}.Release|x64.Build.0 = Release|x64
		{2465E2E5-63FF-438A-95EA-D1D6B8CE4E17}.Debug|x64.ActiveCfg = Debug|x64
		{2465E2E5-63FF-438A-95EA-D1D6B8CE4E17}.Debug|x64.Build.0 = Debug|x64
		{2465E2E5-63FF-438A-95EA-D1D6B8CE4E17}.Release|x64.ActiveCfg = Release|x64
		{2465E2E5-63FF-438A-95EA-D1D6B8CE4E17}.Release|x64.Build.0 = Release|x64
	EndGlobalSection
	GlobalSection(SolutionProperties) = preSolution
		HideSolutionNode = FALSE
	EndGlobalSection
	GlobalSection(ExtensibilityGlobals) = postSolution
		SolutionGuid = {2FF241F4-CA88-41D6-98AB-386BBC2447FC}
	EndGlobalSection
EndGlobal
